
Microsoft Visual Studio Solution File, Format Version 12.00
# Visual Studio Version 16
VisualStudioVersion = 16.0.32002.261
MinimumVisualStudioVersion = 10.0.40219.1
Project("{FAE04EC0-301F-11D3-BF4B-00C04F79EFBC}") = "Enumeration", "Enumeration\Enumeration.csproj", "{D7396444-E9FC-4B79-B856-7170AC3C061D}"
EndProject
Global
	GlobalSection(SolutionConfigurationPlatforms) = preSolution
		Debug|Any CPU = Debug|Any CPU
		Release|Any CPU = Release|Any CPU
	EndGlobalSection
	GlobalSection(ProjectConfigurationPlatforms) = postSolution
		{D7396444-E9FC-4B79-B856-7170AC3C061D}.Debug|Any CPU.ActiveCfg = Debug|Any CPU
		{D7396444-E9FC-4B79-B856-7170AC3C061D}.Debug|Any CPU.Build.0 = Debug|Any CPU
		{D7396444-E9FC-4B79-B856-7170AC3C061D}.Release|Any CPU.ActiveCfg = Release|Any CPU
		{D7396444-E9FC-4B79-B856-7170AC3C061D}.Release|Any CPU.Build.0 = Release|Any CPU
	EndGlobalSection
	GlobalSection(SolutionProperties) = preSolution
		HideSolutionNode = FALSE
	EndGlobalSection
	GlobalSection(ExtensibilityGlobals) = postSolution
		SolutionGuid = {EFD794BA-F8B5-482A-9FCE-2ED3BE0DA5C0}
	EndGlobalSection
EndGlobal
